
Microsoft Visual Studio Solution File, Format Version 12.00
# Visual Studio Version 17
VisualStudioVersion = 17.12.35527.113 d17.12
MinimumVisualStudioVersion = 10.0.40219.1
Project("{FAE04EC0-301F-11D3-BF4B-00C04F79EFBC}") = "BlazorPeliculas.Server", "BlazorPeliculas.Server\BlazorPeliculas.Server.csproj", "{1EDEBCE3-5C6C-421C-9AAF-E0FFBB2DBD60}"
EndProject
Project("{FAE04EC0-301F-11D3-BF4B-00C04F79EFBC}") = "BlazorPeliculas.Shared", "BlazorPeliculas.Shared\BlazorPeliculas.Shared.csproj", "{6F4BA3C3-3E29-41CC-80ED-8172DFAC99B7}"
EndProject
Project("{FAE04EC0-301F-11D3-BF4B-00C04F79EFBC}") = "BlazorPeliculas.Client", "BlazorPeliculas.Client\BlazorPeliculas.Client.csproj", "{A089654E-D862-4A7F-A0C8-6AE99B03E7F6}"
EndProject
Global
	GlobalSection(SolutionConfigurationPlatforms) = preSolution
		Debug|Any CPU = Debug|Any CPU
		Release|Any CPU = Release|Any CPU
	EndGlobalSection
	GlobalSection(ProjectConfigurationPlatforms) = postSolution
		{1EDEBCE3-5C6C-421C-9AAF-E0FFBB2DBD60}.Debug|Any CPU.ActiveCfg = Debug|Any CPU
		{1EDEBCE3-5C6C-421C-9AAF-E0FFBB2DBD60}.Debug|Any CPU.Build.0 = Debug|Any CPU
		{1EDEBCE3-5C6C-421C-9AAF-E0FFBB2DBD60}.Release|Any CPU.ActiveCfg = Release|Any CPU
		{1EDEBCE3-5C6C-421C-9AAF-E0FFBB2DBD60}.Release|Any CPU.Build.0 = Release|Any CPU
		{6F4BA3C3-3E29-41CC-80ED-8172DFAC99B7}.Debug|Any CPU.ActiveCfg = Debug|Any CPU
		{6F4BA3C3-3E29-41CC-80ED-8172DFAC99B7}.Debug|Any CPU.Build.0 = Debug|Any CPU
		{6F4BA3C3-3E29-41CC-80ED-8172DFAC99B7}.Release|Any CPU.ActiveCfg = Release|Any CPU
		{6F4BA3C3-3E29-41CC-80ED-8172DFAC99B7}.Release|Any CPU.Build.0 = Release|Any CPU
		{A089654E-D862-4A7F-A0C8-6AE99B03E7F6}.Debug|Any CPU.ActiveCfg = Debug|Any CPU
		{A089654E-D862-4A7F-A0C8-6AE99B03E7F6}.Debug|Any CPU.Build.0 = Debug|Any CPU
		{A089654E-D862-4A7F-A0C8-6AE99B03E7F6}.Release|Any CPU.ActiveCfg = Release|Any CPU
		{A089654E-D862-4A7F-A0C8-6AE99B03E7F6}.Release|Any CPU.Build.0 = Release|Any CPU
	EndGlobalSection
	GlobalSection(SolutionProperties) = preSolution
		HideSolutionNode = FALSE
	EndGlobalSection
EndGlobal
